// !$*UTF8*$!
{
	archiveVersion = 1;
	classes = {
	};
	objectVersion = 46;
	objects = {

/* Begin PBXBuildFile section */
		ED8339201D93EB6D00421E29 /* AppDelegate.swift in Sources */ = {isa = PBXBuildFile; fileRef = ED83391F1D93EB6D00421E29 /* AppDelegate.swift */; };
		ED8339221D93EB6D00421E29 /* ViewController.swift in Sources */ = {isa = PBXBuildFile; fileRef = ED8339211D93EB6D00421E29 /* ViewController.swift */; };
		ED8339251D93EB6D00421E29 /* Main.storyboard in Resources */ = {isa = PBXBuildFile; fileRef = ED8339231D93EB6D00421E29 /* Main.storyboard */; };
		ED8339271D93EB6D00421E29 /* Assets.xcassets in Resources */ = {isa = PBXBuildFile; fileRef = ED8339261D93EB6D00421E29 /* Assets.xcassets */; };
		ED83392A1D93EB6D00421E29 /* LaunchScreen.storyboard in Resources */ = {isa = PBXBuildFile; fileRef = ED8339281D93EB6D00421E29 /* LaunchScreen.storyboard */; };
		ED8339321D93F52900421E29 /* ElephantSeals.mov in Resources */ = {isa = PBXBuildFile; fileRef = ED8339311D93F52900421E29 /* ElephantSeals.mov */; };
		ED8339341D93F55300421E29 /* Playview.swift in Sources */ = {isa = PBXBuildFile; fileRef = ED8339331D93F55300421E29 /* Playview.swift */; };
		ED8339361D940BE400421E29 /* 视频as背景.gif in Resources */ = {isa = PBXBuildFile; fileRef = ED8339351D940BE400421E29 /* 视频as背景.gif */; };
/* End PBXBuildFile section */

/* Begin PBXFileReference section */
		ED83391C1D93EB6D00421E29 /* backviewvedioLogin.app */ = {isa = PBXFileReference; explicitFileType = wrapper.application; includeInIndex = 0; path = backviewvedioLogin.app; sourceTree = BUILT_PRODUCTS_DIR; };
		ED83391F1D93EB6D00421E29 /* AppDelegate.swift */ = {isa = PBXFileReference; lastKnownFileType = sourcecode.swift; path = AppDelegate.swift; sourceTree = "<group>"; };
		ED8339211D93EB6D00421E29 /* ViewController.swift */ = {isa = PBXFileReference; lastKnownFileType = sourcecode.swift; path = ViewController.swift; sourceTree = "<group>"; };
		ED8339241D93EB6D00421E29 /* Base */ = {isa = PBXFileReference; lastKnownFileType = file.storyboard; name = Base; path = Base.lproj/Main.storyboard; sourceTree = "<group>"; };
		ED8339261D93EB6D00421E29 /* Assets.xcassets */ = {isa = PBXFileReference; lastKnownFileType = folder.assetcatalog; path = Assets.xcassets; sourceTree = "<group>"; };
		ED8339291D93EB6D00421E29 /* Base */ = {isa = PBXFileReference; lastKnownFileType = file.storyboard; name = Base; path = Base.lproj/LaunchScreen.storyboard; sourceTree = "<group>"; };
		ED83392B1D93EB6D00421E29 /* Info.plist */ = {isa = PBXFileReference; lastKnownFileType = text.plist.xml; path = Info.plist; sourceTree = "<group>"; };
		ED8339311D93F52900421E29 /* ElephantSeals.mov */ = {isa = PBXFileReference; lastKnownFileType = video.quicktime; name = ElephantSeals.mov; path = ../../AVfoundationUse/AVfoundationUse/ElephantSeals.mov; sourceTree = "<group>"; };
		ED8339331D93F55300421E29 /* Playview.swift */ = {isa = PBXFileReference; fileEncoding = 4; lastKnownFileType = sourcecode.swift; path = Playview.swift; sourceTree = "<group>"; };
		ED8339351D940BE400421E29 /* 视频as背景.gif */ = {isa = PBXFileReference; lastKnownFileType = image.gif; path = "视频as背景.gif"; sourceTree = "<group>"; };
/* End PBXFileReference section */

/* Begin PBXFrameworksBuildPhase section */
		ED8339191D93EB6D00421E29 /* Frameworks */ = {
			isa = PBXFrameworksBuildPhase;
			buildActionMask = 2147483647;
			files = (
			);
			runOnlyForDeploymentPostprocessing = 0;
		};
/* End PBXFrameworksBuildPhase section */

/* Begin PBXGroup section */
		ED8339131D93EB6D00421E29 = {
			isa = PBXGroup;
			children = (
				ED83391E1D93EB6D00421E29 /* backviewvedioLogin */,
				ED83391D1D93EB6D00421E29 /* Products */,
			);
			sourceTree = "<group>";
		};
		ED83391D1D93EB6D00421E29 /* Products */ = {
			isa = PBXGroup;
			children = (
				ED83391C1D93EB6D00421E29 /* backviewvedioLogin.app */,
			);
			name = Products;
			sourceTree = "<group>";
		};
		ED83391E1D93EB6D00421E29 /* backviewvedioLogin */ = {
			isa = PBXGroup;
			children = (
				ED8339351D940BE400421E29 /* 视频as背景.gif */,
				ED8339311D93F52900421E29 /* ElephantSeals.mov */,
				ED83391F1D93EB6D00421E29 /* AppDelegate.swift */,
				ED8339211D93EB6D00421E29 /* ViewController.swift */,
				ED8339331D93F55300421E29 /* Playview.swift */,
				ED8339231D93EB6D00421E29 /* Main.storyboard */,
				ED8339261D93EB6D00421E29 /* Assets.xcassets */,
				ED8339281D93EB6D00421E29 /* LaunchScreen.storyboard */,
				ED83392B1D93EB6D00421E29 /* Info.plist */,
			);
			path = backviewvedioLogin;
			sourceTree = "<group>";
		};
/* End PBXGroup section */

/* Begin PBXNativeTarget section */
		ED83391B1D93EB6D00421E29 /* backviewvedioLogin */ = {
			isa = PBXNativeTarget;
			buildConfigurationList = ED83392E1D93EB6D00421E29 /* Build configuration list for PBXNativeTarget "backviewvedioLogin" */;
			buildPhases = (
				ED8339181D93EB6D00421E29 /* Sources */,
				ED8339191D93EB6D00421E29 /* Frameworks */,
				ED83391A1D93EB6D00421E29 /* Resources */,
			);
			buildRules = (
			);
			dependencies = (
			);
			name = backviewvedioLogin;
			productName = backviewvedioLogin;
			productReference = ED83391C1D93EB6D00421E29 /* backviewvedioLogin.app */;
			productType = "com.apple.product-type.application";
		};
/* End PBXNativeTarget section */

/* Begin PBXProject section */
		ED8339141D93EB6D00421E29 /* Project object */ = {
			isa = PBXProject;
			attributes = {
				LastSwiftUpdateCheck = 0800;
				LastUpgradeCheck = 0800;
				ORGANIZATIONNAME = lotawei;
				TargetAttributes = {
					ED83391B1D93EB6D00421E29 = {
						CreatedOnToolsVersion = 8.0;
						ProvisioningStyle = Automatic;
					};
				};
			};
			buildConfigurationList = ED8339171D93EB6D00421E29 /* Build configuration list for PBXProject "backviewvedioLogin" */;
			compatibilityVersion = "Xcode 3.2";
			developmentRegion = English;
			hasScannedForEncodings = 0;
			knownRegions = (
				en,
				Base,
			);
			mainGroup = ED8339131D93EB6D00421E29;
			productRefGroup = ED83391D1D93EB6D00421E29 /* Products */;
			projectDirPath = "";
			projectRoot = "";
			targets = (
				ED83391B1D93EB6D00421E29 /* backviewvedioLogin */,
			);
		};
/* End PBXProject section */

/* Begin PBXResourcesBuildPhase section */
		ED83391A1D93EB6D00421E29 /* Resources */ = {
			isa = PBXResourcesBuildPhase;
			buildActionMask = 2147483647;
			files = (
				ED83392A1D93EB6D00421E29 /* LaunchScreen.storyboard in Resources */,
				ED8339361D940BE400421E29 /* 视频as背景.gif in Resources */,
				ED8339271D93EB6D00421E29 /* Assets.xcassets in Resources */,
				ED8339321D93F52900421E29 /* ElephantSeals.mov in Resources */,
				ED8339251D93EB6D00421E29 /* Main.storyboard in Resources */,
			);
			runOnlyForDeploymentPostprocessing = 0;
		};
/* End PBXResourcesBuildPhase section */

/* Begin PBXSourcesBuildPhase section */
		ED8339181D93EB6D00421E29 /* Sources */ = {
			isa = PBXSourcesBuildPhase;
			buildActionMask = 2147483647;
			files = (
				ED8339221D93EB6D00421E29 /* ViewController.swift in Sources */,
				ED8339201D93EB6D00421E29 /* AppDelegate.swift in Sources */,
				ED8339341D93F55300421E29 /* Playview.swift in Sources */,
			);
			runOnlyForDeploymentPostprocessing = 0;
		};
/* End PBXSourcesBuildPhase section */

/* Begin PBXVariantGroup section */
		ED8339231D93EB6D00421E29 /* Main.storyboard */ = {
			isa = PBXVariantGroup;
			children = (
				ED8339241D93EB6D00421E29 /* Base */,
			);
			name = Main.storyboard;
			sourceTree = "<group>";
		};
		ED8339281D93EB6D00421E29 /* LaunchScreen.storyboard */ = {
			isa = PBXVariantGroup;
			children = (
				ED8339291D93EB6D00421E29 /* Base */,
			);
			name = LaunchScreen.storyboard;
			sourceTree = "<group>";
		};
/* End PBXVariantGroup section */

/* Begin XCBuildConfiguration section */
		ED83392C1D93EB6D00421E29 /* Debug */ = {
			isa = XCBuildConfiguration;
			buildSettings = {
				ALWAYS_SEARCH_USER_PATHS = NO;
				CLANG_ANALYZER_NONNULL = YES;
				CLANG_CXX_LANGUAGE_STANDARD = "gnu++0x";
				CLANG_CXX_LIBRARY = "libc++";
				CLANG_ENABLE_MODULES = YES;
				CLANG_ENABLE_OBJC_ARC = YES;
				CLANG_WARN_BOOL_CONVERSION = YES;
				CLANG_WARN_CONSTANT_CONVERSION = YES;
				CLANG_WARN_DIRECT_OBJC_ISA_USAGE = YES_ERROR;
				CLANG_WARN_DOCUMENTATION_COMMENTS = YES;
				CLANG_WARN_EMPTY_BODY = YES;
				CLANG_WARN_ENUM_CONVERSION = YES;
				CLANG_WARN_INFINITE_RECURSION = YES;
				CLANG_WARN_INT_CONVERSION = YES;
				CLANG_WARN_OBJC_ROOT_CLASS = YES_ERROR;
				CLANG_WARN_SUSPICIOUS_MOVES = YES;
				CLANG_WARN_UNREACHABLE_CODE = YES;
				CLANG_WARN__DUPLICATE_METHOD_MATCH = YES;
				"CODE_SIGN_IDENTITY[sdk=iphoneos*]" = "iPhone Developer";
				COPY_PHASE_STRIP = NO;
				DEBUG_INFORMATION_FORMAT = dwarf;
				ENABLE_STRICT_OBJC_MSGSEND = YES;
				ENABLE_TESTABILITY = YES;
				GCC_C_LANGUAGE_STANDARD = gnu99;
				GCC_DYNAMIC_NO_PIC = NO;
				GCC_NO_COMMON_BLOCKS = YES;
				GCC_OPTIMIZATION_LEVEL = 0;
				GCC_PREPROCESSOR_DEFINITIONS = (
					"DEBUG=1",
					"$(inherited)",
				);
				GCC_WARN_64_TO_32_BIT_CONVERSION = YES;
				GCC_WARN_ABOUT_RETURN_TYPE = YES_ERROR;
				GCC_WARN_UNDECLARED_SELECTOR = YES;
				GCC_WARN_UNINITIALIZED_AUTOS = YES_AGGRESSIVE;
				GCC_WARN_UNUSED_FUNCTION = YES;
				GCC_WARN_UNUSED_VARIABLE = YES;
				IPHONEOS_DEPLOYMENT_TARGET = 10.0;
				MTL_ENABLE_DEBUG_INFO = YES;
				ONLY_ACTIVE_ARCH = YES;
				SDKROOT = iphoneos;
				SWIFT_ACTIVE_COMPILATION_CONDITIONS = DEBUG;
				SWIFT_OPTIMIZATION_LEVEL = "-Onone";
			};
			name = Debug;
		};
		ED83392D1D93EB6D00421E29 /* Release */ = {
			isa = XCBuildConfiguration;
			buildSettings = {
				ALWAYS_SEARCH_USER_PATHS = NO;
				CLANG_ANALYZER_NONNULL = YES;
				CLANG_CXX_LANGUAGE_STANDARD = "gnu++0x";
				CLANG_CXX_LIBRARY = "libc++";
				CLANG_ENABLE_MODULES = YES;
				CLANG_ENABLE_OBJC_ARC = YES;
				CLANG_WARN_BOOL_CONVERSION = YES;
				CLANG_WARN_CONSTANT_CONVERSION = YES;
				CLANG_WARN_DIRECT_OBJC_ISA_USAGE = YES_ERROR;
				CLANG_WARN_DOCUMENTATION_COMMENTS = YES;
				CLANG_WARN_EMPTY_BODY = YES;
				CLANG_WARN_ENUM_CONVERSION = YES;
				CLANG_WARN_INFINITE_RECURSION = YES;
				CLANG_WARN_INT_CONVERSION = YES;
				CLANG_WARN_OBJC_ROOT_CLASS = YES_ERROR;
				CLANG_WARN_SUSPICIOUS_MOVES = YES;
				CLANG_WARN_UNREACHABLE_CODE = YES;
				CLANG_WARN__DUPLICATE_METHOD_MATCH = YES;
				"CODE_SIGN_IDENTITY[sdk=iphoneos*]" = "iPhone Developer";
				COPY_PHASE_STRIP = NO;
				DEBUG_INFORMATION_FORMAT = "dwarf-with-dsym";
				ENABLE_NS_ASSERTIONS = NO;
				ENABLE_STRICT_OBJC_MSGSEND = YES;
				GCC_C_LANGUAGE_STANDARD = gnu99;
				GCC_NO_COMMON_BLOCKS = YES;
				GCC_WARN_64_TO_32_BIT_CONVERSION = YES;
				GCC_WARN_ABOUT_RETURN_TYPE = YES_ERROR;
				GCC_WARN_UNDECLARED_SELECTOR = YES;
				GCC_WARN_UNINITIALIZED_AUTOS = YES_AGGRESSIVE;
				GCC_WARN_UNUSED_FUNCTION = YES;
				GCC_WARN_UNUSED_VARIABLE = YES;
				IPHONEOS_DEPLOYMENT_TARGET = 10.0;
				MTL_ENABLE_DEBUG_INFO = NO;
				SDKROOT = iphoneos;
				SWIFT_OPTIMIZATION_LEVEL = "-Owholemodule";
				VALIDATE_PRODUCT = YES;
			};
			name = Release;
		};
		ED83392F1D93EB6D00421E29 /* Debug */ = {
			isa = XCBuildConfiguration;
			buildSettings = {
				ASSETCATALOG_COMPILER_APPICON_NAME = AppIcon;
				INFOPLIST_FILE = backviewvedioLogin/Info.plist;
				LD_RUNPATH_SEARCH_PATHS = "$(inherited) @executable_path/Frameworks";
				PRODUCT_BUNDLE_IDENTIFIER = com.lw.cn.backviewvedioLogin;
				PRODUCT_NAME = "$(TARGET_NAME)";
				SWIFT_VERSION = 3.0;
			};
			name = Debug;
		};
		ED8339301D93EB6D00421E29 /* Release */ = {
			isa = XCBuildConfiguration;
			buildSettings = {
				ASSETCATALOG_COMPILER_APPICON_NAME = AppIcon;
				INFOPLIST_FILE = backviewvedioLogin/Info.plist;
				LD_RUNPATH_SEARCH_PATHS = "$(inherited) @executable_path/Frameworks";
				PRODUCT_BUNDLE_IDENTIFIER = com.lw.cn.backviewvedioLogin;
				PRODUCT_NAME = "$(TARGET_NAME)";
				SWIFT_VERSION = 3.0;
			};
			name = Release;
		};
/* End XCBuildConfiguration section */

/* Begin XCConfigurationList section */
		ED8339171D93EB6D00421E29 /* Build configuration list for PBXProject "backviewvedioLogin" */ = {
			isa = XCConfigurationList;
			buildConfigurations = (
				ED83392C1D93EB6D00421E29 /* Debug */,
				ED83392D1D93EB6D00421E29 /* Release */,
			);
			defaultConfigurationIsVisible = 0;
			defaultConfigurationName = Release;
		};
		ED83392E1D93EB6D00421E29 /* Build configuration list for PBXNativeTarget "backviewvedioLogin" */ = {
			isa = XCConfigurationList;
			buildConfigurations = (
				ED83392F1D93EB6D00421E29 /* Debug */,
				ED8339301D93EB6D00421E29 /* Release */,
			);
			defaultConfigurationIsVisible = 0;
			defaultConfigurationName = Release;
		};
/* End XCConfigurationList section */
	};
	rootObject = ED8339141D93EB6D00421E29 /* Project object */;
}
